[[package]]
name = "rustc-hex"
version = "1.0.0"
source = "registry+https://github.com/rust-lang/crates.io-index"

[[package]]
name = "solc"
version = "0.1.0"
dependencies = [
 "rustc-hex 1.0.0 (registry+https://github.com/rust-lang/crates.io-index)",
]

[metadata]
"checksum rustc-hex 1.0.0 (registry+https://github.com/rust-lang/crates.io-index)" = "0ceb8ce7a5e520de349e1fa172baeba4a9e8d5ef06c47471863530bc4972ee1e"
